
Microsoft Visual Studio Solution File, Format Version 12.00
# Visual Studio Version 17
VisualStudioVersion = 17.0.31903.59
MinimumVisualStudioVersion = 10.0.40219.1
Project("{2150E333-8FDC-42A3-9474-1A3956D46DE8}") = "src", "src", "{956362DE-0389-4D4B-97D9-3B0999C63040}"
EndProject
Project("{FAE04EC0-301F-11D3-BF4B-00C04F79EFBC}") = "MTGSheet.Core", "src\MTGSheet.Core\MTGSheet.Core.csproj", "{7251F782-49F9-446F-A0B5-F65AB1EE4D32}"
EndProject
Project("{FAE04EC0-301F-11D3-BF4B-00C04F79EFBC}") = "MTGSheet.Conformance", "src\MTGSheet.Conformance\MTGSheet.Conformance.csproj", "{5AA66FEF-C090-4030-A645-25C96273F692}"
EndProject
Project("{FAE04EC0-301F-11D3-BF4B-00C04F79EFBC}") = "MTGSheet.App", "src\MTGSheet.App\MTGSheet.App.csproj", "{83B3012A-7DFA-4D8E-97BF-EF706C6C3D62}"
EndProject
Global
	GlobalSection(SolutionConfigurationPlatforms) = preSolution
		Debug|Any CPU = Debug|Any CPU
		Release|Any CPU = Release|Any CPU
	EndGlobalSection
	GlobalSection(SolutionProperties) = preSolution
		HideSolutionNode = FALSE
	EndGlobalSection
	GlobalSection(ProjectConfigurationPlatforms) = postSolution
		{7251F782-49F9-446F-A0B5-F65AB1EE4D32}.Debug|Any CPU.ActiveCfg = Debug|Any CPU
		{7251F782-49F9-446F-A0B5-F65AB1EE4D32}.Debug|Any CPU.Build.0 = Debug|Any CPU
		{7251F782-49F9-446F-A0B5-F65AB1EE4D32}.Release|Any CPU.ActiveCfg = Release|Any CPU
		{7251F782-49F9-446F-A0B5-F65AB1EE4D32}.Release|Any CPU.Build.0 = Release|Any CPU
		{5AA66FEF-C090-4030-A645-25C96273F692}.Debug|Any CPU.ActiveCfg = Debug|Any CPU
		{5AA66FEF-C090-4030-A645-25C96273F692}.Debug|Any CPU.Build.0 = Debug|Any CPU
		{5AA66FEF-C090-4030-A645-25C96273F692}.Release|Any CPU.ActiveCfg = Release|Any CPU
		{5AA66FEF-C090-4030-A645-25C96273F692}.Release|Any CPU.Build.0 = Release|Any CPU
		{83B3012A-7DFA-4D8E-97BF-EF706C6C3D62}.Debug|Any CPU.ActiveCfg = Debug|x64
		{83B3012A-7DFA-4D8E-97BF-EF706C6C3D62}.Debug|Any CPU.Build.0 = Debug|x64
		{83B3012A-7DFA-4D8E-97BF-EF706C6C3D62}.Release|Any CPU.ActiveCfg = Release|x64
		{83B3012A-7DFA-4D8E-97BF-EF706C6C3D62}.Release|Any CPU.Build.0 = Release|x64
	EndGlobalSection
	GlobalSection(NestedProjects) = preSolution
		{7251F782-49F9-446F-A0B5-F65AB1EE4D32} = {956362DE-0389-4D4B-97D9-3B0999C63040}
		{5AA66FEF-C090-4030-A645-25C96273F692} = {956362DE-0389-4D4B-97D9-3B0999C63040}
		{83B3012A-7DFA-4D8E-97BF-EF706C6C3D62} = {956362DE-0389-4D4B-97D9-3B0999C63040}
	EndGlobalSection
EndGlobal
